{
  "version": 4,
  "terraform_version": "1.4.0",
  "serial": 8,
  "lineage": "dff5243d-ce94-132e-d7e9-817c4478821a",
  "outputs": {},
  "resources": [
    {
      "mode": "managed",
      "type": "aws_instance",
      "name": "Tomcat_server",
      "provider": "provider[\"registry.terraform.io/hashicorp/aws\"]",
      "instances": [
        {
          "status": "tainted",
          "schema_version": 1,
          "attributes": {
            "ami": "ami-005f9685cb30f234b",
            "arn": "arn:aws:ec2:us-east-1:932552306122:instance/i-0983f3fd2af4bb7d6",
            "associate_public_ip_address": true,
            "availability_zone": "us-east-1c",
            "capacity_reservation_specification": [
              {
                "capacity_reservation_preference": "open",
                "capacity_reservation_target": []
              }
            ],
            "cpu_core_count": 1,
            "cpu_threads_per_core": 1,
            "credit_specification": [
              {
                "cpu_credits": "standard"
              }
            ],
            "disable_api_stop": false,
            "disable_api_termination": false,
            "ebs_block_device": [],
            "ebs_optimized": false,
            "enclave_options": [
              {
                "enabled": false
              }
            ],
            "ephemeral_block_device": [],
            "get_password_data": false,
            "hibernation": false,
            "host_id": "",
            "host_resource_group_arn": null,
            "iam_instance_profile": "",
            "id": "i-0983f3fd2af4bb7d6",
            "instance_initiated_shutdown_behavior": "stop",
            "instance_state": "running",
            "instance_type": "t2.micro",
            "ipv6_address_count": 0,
            "ipv6_addresses": [],
            "key_name": "key-tf",
            "launch_template": [],
            "maintenance_options": [
              {
                "auto_recovery": "default"
              }
            ],
            "metadata_options": [
              {
                "http_endpoint": "enabled",
                "http_put_response_hop_limit": 1,
                "http_tokens": "optional",
                "instance_metadata_tags": "disabled"
              }
            ],
            "monitoring": false,
            "network_interface": [],
            "outpost_arn": "",
            "password_data": "",
            "placement_group": "",
            "placement_partition_number": 0,
            "primary_network_interface_id": "eni-0ae834e64abd95e39",
            "private_dns": "ip-172-31-89-3.ec2.internal",
            "private_dns_name_options": [
              {
                "enable_resource_name_dns_a_record": false,
                "enable_resource_name_dns_aaaa_record": false,
                "hostname_type": "ip-name"
              }
            ],
            "private_ip": "172.31.89.3",
            "public_dns": "ec2-54-175-228-124.compute-1.amazonaws.com",
            "public_ip": "54.175.228.124",
            "root_block_device": [
              {
                "delete_on_termination": true,
                "device_name": "/dev/xvda",
                "encrypted": false,
                "iops": 100,
                "kms_key_id": "",
                "tags": {},
                "throughput": 0,
                "volume_id": "vol-0d588df63180c8981",
                "volume_size": 8,
                "volume_type": "gp2"
              }
            ],
            "secondary_private_ips": [],
            "security_groups": [
              "default"
            ],
            "source_dest_check": true,
            "subnet_id": "subnet-03cd6933e626fec4a",
            "tags": {
              "Name": "Tomcat"
            },
            "tags_all": {
              "Name": "Tomcat"
            },
            "tenancy": "default",
            "timeouts": null,
            "user_data": null,
            "user_data_base64": null,
            "user_data_replace_on_change": false,
            "volume_tags": null,
            "vpc_security_group_ids": [
              "sg-0fbcafb5f2a537311"
            ]
          },
          "sensitive_attributes": [],
          "private": "eyJlMmJmYjczMC1lY2FhLTExZTYtOGY4OC0zNDM2M2JjN2M0YzAiOnsiY3JlYXRlIjo2MDAwMDAwMDAwMDAsImRlbGV0ZSI6MTIwMDAwMDAwMDAwMCwidXBkYXRlIjo2MDAwMDAwMDAwMDB9LCJzY2hlbWFfdmVyc2lvbiI6IjEifQ==",
          "dependencies": [
            "aws_key_pair.key-tf"
          ]
        }
      ]
    },
    {
      "mode": "managed",
      "type": "aws_key_pair",
      "name": "key-tf",
      "provider": "provider[\"registry.terraform.io/hashicorp/aws\"]",
      "instances": [
        {
          "schema_version": 1,
          "attributes": {
            "arn": "arn:aws:ec2:us-east-1:932552306122:key-pair/key-tf",
            "fingerprint": "63:43:2d:f2:97:b1:64:46:64:29:22:29:e7:c1:fc:ac",
            "id": "key-tf",
            "key_name": "key-tf",
            "key_name_prefix": "",
            "key_pair_id": "key-08fd565521de96943",
            "key_type": "rsa",
            "public_key": "ssh-rsa AAAAB3NzaC1yc2EAAAADAQABAAABgQDVQ1ODG1p8m6+YaVCDEpbSCE67DFpWGjeFF3FhVf4VH4WkTAxpslHYEtL7DeerskdafeluX1ZSY8i1636BSQVbVB1aQizh9iHqZuszrBAfPc8hbZG5TDwYGURs2w8IZLMXngRXcT3FuMrr3drdzzQ0qG1aVpmeQg03aEnjuh4pwCWrWRj3PzYcCJ6VCGIy4lQAlvTWYdVH+AiVSQzVx50/rDIs2R8ccy53yPwBf/+5zNXTfIEIXOoBh6cYn9idFQxb/zG49ETEoTwnoE97bvYQJmwQL+rDgq+zj4lPBb7+yCt0ri1q2z+tHGh/uOKUOCvHPuAsJfmCwcwJ11Ku7GxTfGK0DsKXXrVIS1E8Pto+jrmC+a7YyQKhiUdsqIm7cMfwfZbixaaIR0hTk3MgL8r4TmXrw58yo7FjWBcIAA90T5G+TRh/W5Yf8FrNH8MUmk/1vuZ8nTF6nPA4JU1uY1L1AjAOMHxYGq6Y7TUvYWPsTfQhBcDA5d6Hjc9/FVe5PpE= sheraz@sheraz",
            "tags": {},
            "tags_all": {}
          },
          "sensitive_attributes": [],
          "private": "eyJzY2hlbWFfdmVyc2lvbiI6IjEifQ=="
        }
      ]
    }
  ],
  "check_results": null
}
